// !$*UTF8*$!
{
	archiveVersion = 1;
	classes = {
	};
	objectVersion = 50;
	objects = {

/* Begin PBXBuildFile section */
		16B319BA23BE8A7200641D5D /* AppDelegate.swift in Sources */ = {isa = PBXBuildFile; fileRef = 16B319B923BE8A7200641D5D /* AppDelegate.swift */; };
		16B319BC23BE8A7200641D5D /* SceneDelegate.swift in Sources */ = {isa = PBXBuildFile; fileRef = 16B319BB23BE8A7200641D5D /* SceneDelegate.swift */; };
		16B319C323BE8A7200641D5D /* Main.storyboard in Resources */ = {isa = PBXBuildFile; fileRef = 16B319C123BE8A7200641D5D /* Main.storyboard */; };
		16B319C523BE8A7300641D5D /* Assets.xcassets in Resources */ = {isa = PBXBuildFile; fileRef = 16B319C423BE8A7300641D5D /* Assets.xcassets */; };
		16B319C823BE8A7300641D5D /* LaunchScreen.storyboard in Resources */ = {isa = PBXBuildFile; fileRef = 16B319C623BE8A7300641D5D /* LaunchScreen.storyboard */; };
		16B319D023BFCE1A00641D5D /* MyTableViewController.swift in Sources */ = {isa = PBXBuildFile; fileRef = 16B319CF23BFCE1A00641D5D /* MyTableViewController.swift */; };
		16B319D223BFCF4900641D5D /* MyCustomTableViewController.swift in Sources */ = {isa = PBXBuildFile; fileRef = 16B319D123BFCF4900641D5D /* MyCustomTableViewController.swift */; };
		16B319D423BFCFCD00641D5D /* Country.swift in Sources */ = {isa = PBXBuildFile; fileRef = 16B319D323BFCFCD00641D5D /* Country.swift */; };
		16B319D623BFD1DE00641D5D /* CountryGetter.swift in Sources */ = {isa = PBXBuildFile; fileRef = 16B319D523BFD1DE00641D5D /* CountryGetter.swift */; };
		16B319D823C0F27100641D5D /* DetailController.swift in Sources */ = {isa = PBXBuildFile; fileRef = 16B319D723C0F27100641D5D /* DetailController.swift */; };
		16B319DA23C22FEF00641D5D /* MyFirstCell.swift in Sources */ = {isa = PBXBuildFile; fileRef = 16B319D923C22FEF00641D5D /* MyFirstCell.swift */; };
		16B319DC23C23A6100641D5D /* RoundedImage.swift in Sources */ = {isa = PBXBuildFile; fileRef = 16B319DB23C23A6100641D5D /* RoundedImage.swift */; };
		16B319DE23C2412200641D5D /* CellTwo.swift in Sources */ = {isa = PBXBuildFile; fileRef = 16B319DD23C2412200641D5D /* CellTwo.swift */; };
		16B319E023C2509F00641D5D /* ShadowView.swift in Sources */ = {isa = PBXBuildFile; fileRef = 16B319DF23C2509F00641D5D /* ShadowView.swift */; };
		16B319E523C3C25400641D5D /* MyTableView.swift in Sources */ = {isa = PBXBuildFile; fileRef = 16B319E423C3C25400641D5D /* MyTableView.swift */; };
/* End PBXBuildFile section */

/* Begin PBXFileReference section */
		16B319B623BE8A7200641D5D /* countriesApp.app */ = {isa = PBXFileReference; explicitFileType = wrapper.application; includeInIndex = 0; path = countriesApp.app; sourceTree = BUILT_PRODUCTS_DIR; };
		16B319B923BE8A7200641D5D /* AppDelegate.swift */ = {isa = PBXFileReference; lastKnownFileType = sourcecode.swift; path = AppDelegate.swift; sourceTree = "<group>"; };
		16B319BB23BE8A7200641D5D /* SceneDelegate.swift */ = {isa = PBXFileReference; lastKnownFileType = sourcecode.swift; path = SceneDelegate.swift; sourceTree = "<group>"; };
		16B319C223BE8A7200641D5D /* Base */ = {isa = PBXFileReference; lastKnownFileType = file.storyboard; name = Base; path = Base.lproj/Main.storyboard; sourceTree = "<group>"; };
		16B319C423BE8A7300641D5D /* Assets.xcassets */ = {isa = PBXFileReference; lastKnownFileType = folder.assetcatalog; path = Assets.xcassets; sourceTree = "<group>"; };
		16B319C723BE8A7300641D5D /* Base */ = {isa = PBXFileReference; lastKnownFileType = file.storyboard; name = Base; path = Base.lproj/LaunchScreen.storyboard; sourceTree = "<group>"; };
		16B319C923BE8A7300641D5D /* Info.plist */ = {isa = PBXFileReference; lastKnownFileType = text.plist.xml; path = Info.plist; sourceTree = "<group>"; };
		16B319CF23BFCE1A00641D5D /* MyTableViewController.swift */ = {isa = PBXFileReference; lastKnownFileType = sourcecode.swift; path = MyTableViewController.swift; sourceTree = "<group>"; };
		16B319D123BFCF4900641D5D /* MyCustomTableViewController.swift */ = {isa = PBXFileReference; lastKnownFileType = sourcecode.swift; path = MyCustomTableViewController.swift; sourceTree = "<group>"; };
		16B319D323BFCFCD00641D5D /* Country.swift */ = {isa = PBXFileReference; lastKnownFileType = sourcecode.swift; path = Country.swift; sourceTree = "<group>"; };
		16B319D523BFD1DE00641D5D /* CountryGetter.swift */ = {isa = PBXFileReference; lastKnownFileType = sourcecode.swift; path = CountryGetter.swift; sourceTree = "<group>"; };
		16B319D723C0F27100641D5D /* DetailController.swift */ = {isa = PBXFileReference; lastKnownFileType = sourcecode.swift; path = DetailController.swift; sourceTree = "<group>"; };
		16B319D923C22FEF00641D5D /* MyFirstCell.swift */ = {isa = PBXFileReference; lastKnownFileType = sourcecode.swift; path = MyFirstCell.swift; sourceTree = "<group>"; };
		16B319DB23C23A6100641D5D /* RoundedImage.swift */ = {isa = PBXFileReference; lastKnownFileType = sourcecode.swift; path = RoundedImage.swift; sourceTree = "<group>"; };
		16B319DD23C2412200641D5D /* CellTwo.swift */ = {isa = PBXFileReference; lastKnownFileType = sourcecode.swift; path = CellTwo.swift; sourceTree = "<group>"; };
		16B319DF23C2509F00641D5D /* ShadowView.swift */ = {isa = PBXFileReference; lastKnownFileType = sourcecode.swift; path = ShadowView.swift; sourceTree = "<group>"; };
		16B319E423C3C25400641D5D /* MyTableView.swift */ = {isa = PBXFileReference; lastKnownFileType = sourcecode.swift; path = MyTableView.swift; sourceTree = "<group>"; };
/* End PBXFileReference section */

/* Begin PBXFrameworksBuildPhase section */
		16B319B323BE8A7200641D5D /* Frameworks */ = {
			isa = PBXFrameworksBuildPhase;
			buildActionMask = 2147483647;
			files = (
			);
			runOnlyForDeploymentPostprocessing = 0;
		};
/* End PBXFrameworksBuildPhase section */

/* Begin PBXGroup section */
		16B319AD23BE8A7200641D5D = {
			isa = PBXGroup;
			children = (
				16B319B823BE8A7200641D5D /* countriesApp */,
				16B319B723BE8A7200641D5D /* Products */,
			);
			sourceTree = "<group>";
		};
		16B319B723BE8A7200641D5D /* Products */ = {
			isa = PBXGroup;
			children = (
				16B319B623BE8A7200641D5D /* countriesApp.app */,
			);
			name = Products;
			sourceTree = "<group>";
		};
		16B319B823BE8A7200641D5D /* countriesApp */ = {
			isa = PBXGroup;
			children = (
				16B319BB23BE8A7200641D5D /* SceneDelegate.swift */,
				16B319C123BE8A7200641D5D /* Main.storyboard */,
				16B319C623BE8A7300641D5D /* LaunchScreen.storyboard */,
				16B319C923BE8A7300641D5D /* Info.plist */,
				16B319C423BE8A7300641D5D /* Assets.xcassets */,
				16B319B923BE8A7200641D5D /* AppDelegate.swift */,
				16B319E223C27E0E00641D5D /* View */,
				16B319E123C27CED00641D5D /* Model */,
				16B319E323C3C11B00641D5D /* Controllers */,
			);
			path = countriesApp;
			sourceTree = "<group>";
		};
		16B319E123C27CED00641D5D /* Model */ = {
			isa = PBXGroup;
			children = (
				16B319D323BFCFCD00641D5D /* Country.swift */,
				16B319D523BFD1DE00641D5D /* CountryGetter.swift */,
			);
			path = Model;
			sourceTree = "<group>";
		};
		16B319E223C27E0E00641D5D /* View */ = {
			isa = PBXGroup;
			children = (
				16B319D923C22FEF00641D5D /* MyFirstCell.swift */,
				16B319DB23C23A6100641D5D /* RoundedImage.swift */,
				16B319DD23C2412200641D5D /* CellTwo.swift */,
				16B319DF23C2509F00641D5D /* ShadowView.swift */,
				16B319E423C3C25400641D5D /* MyTableView.swift */,
			);
			path = View;
			sourceTree = "<group>";
		};
		16B319E323C3C11B00641D5D /* Controllers */ = {
			isa = PBXGroup;
			children = (
				16B319D723C0F27100641D5D /* DetailController.swift */,
				16B319D123BFCF4900641D5D /* MyCustomTableViewController.swift */,
				16B319CF23BFCE1A00641D5D /* MyTableViewController.swift */,
			);
			path = Controllers;
			sourceTree = "<group>";
		};
/* End PBXGroup section */

/* Begin PBXNativeTarget section */
		16B319B523BE8A7200641D5D /* countriesApp */ = {
			isa = PBXNativeTarget;
			buildConfigurationList = 16B319CC23BE8A7300641D5D /* Build configuration list for PBXNativeTarget "countriesApp" */;
			buildPhases = (
				16B319B223BE8A7200641D5D /* Sources */,
				16B319B323BE8A7200641D5D /* Frameworks */,
				16B319B423BE8A7200641D5D /* Resources */,
			);
			buildRules = (
			);
			dependencies = (
			);
			name = countriesApp;
			productName = countriesApp;
			productReference = 16B319B623BE8A7200641D5D /* countriesApp.app */;
			productType = "com.apple.product-type.application";
		};
/* End PBXNativeTarget section */

/* Begin PBXProject section */
		16B319AE23BE8A7200641D5D /* Project object */ = {
			isa = PBXProject;
			attributes = {
				LastSwiftUpdateCheck = 1130;
				LastUpgradeCheck = 1130;
				ORGANIZATIONNAME = "Bastien VINH";
				TargetAttributes = {
					16B319B523BE8A7200641D5D = {
						CreatedOnToolsVersion = 11.3;
					};
				};
			};
			buildConfigurationList = 16B319B123BE8A7200641D5D /* Build configuration list for PBXProject "countriesApp" */;
			compatibilityVersion = "Xcode 9.3";
			developmentRegion = en;
			hasScannedForEncodings = 0;
			knownRegions = (
				en,
				Base,
			);
			mainGroup = 16B319AD23BE8A7200641D5D;
			productRefGroup = 16B319B723BE8A7200641D5D /* Products */;
			projectDirPath = "";
			projectRoot = "";
			targets = (
				16B319B523BE8A7200641D5D /* countriesApp */,
			);
		};
/* End PBXProject section */

/* Begin PBXResourcesBuildPhase section */
		16B319B423BE8A7200641D5D /* Resources */ = {
			isa = PBXResourcesBuildPhase;
			buildActionMask = 2147483647;
			files = (
				16B319C823BE8A7300641D5D /* LaunchScreen.storyboard in Resources */,
				16B319C523BE8A7300641D5D /* Assets.xcassets in Resources */,
				16B319C323BE8A7200641D5D /* Main.storyboard in Resources */,
			);
			runOnlyForDeploymentPostprocessing = 0;
		};
/* End PBXResourcesBuildPhase section */

/* Begin PBXSourcesBuildPhase section */
		16B319B223BE8A7200641D5D /* Sources */ = {
			isa = PBXSourcesBuildPhase;
			buildActionMask = 2147483647;
			files = (
				16B319D223BFCF4900641D5D /* MyCustomTableViewController.swift in Sources */,
				16B319E023C2509F00641D5D /* ShadowView.swift in Sources */,
				16B319D823C0F27100641D5D /* DetailController.swift in Sources */,
				16B319DE23C2412200641D5D /* CellTwo.swift in Sources */,
				16B319DA23C22FEF00641D5D /* MyFirstCell.swift in Sources */,
				16B319DC23C23A6100641D5D /* RoundedImage.swift in Sources */,
				16B319BA23BE8A7200641D5D /* AppDelegate.swift in Sources */,
				16B319D023BFCE1A00641D5D /* MyTableViewController.swift in Sources */,
				16B319D423BFCFCD00641D5D /* Country.swift in Sources */,
				16B319E523C3C25400641D5D /* MyTableView.swift in Sources */,
				16B319BC23BE8A7200641D5D /* SceneDelegate.swift in Sources */,
				16B319D623BFD1DE00641D5D /* CountryGetter.swift in Sources */,
			);
			runOnlyForDeploymentPostprocessing = 0;
		};
/* End PBXSourcesBuildPhase section */

/* Begin PBXVariantGroup section */
		16B319C123BE8A7200641D5D /* Main.storyboard */ = {
			isa = PBXVariantGroup;
			children = (
				16B319C223BE8A7200641D5D /* Base */,
			);
			name = Main.storyboard;
			sourceTree = "<group>";
		};
		16B319C623BE8A7300641D5D /* LaunchScreen.storyboard */ = {
			isa = PBXVariantGroup;
			children = (
				16B319C723BE8A7300641D5D /* Base */,
			);
			name = LaunchScreen.storyboard;
			sourceTree = "<group>";
		};
/* End PBXVariantGroup section */

/* Begin XCBuildConfiguration section */
		16B319CA23BE8A7300641D5D /* Debug */ = {
			isa = XCBuildConfiguration;
			buildSettings = {
				ALWAYS_SEARCH_USER_PATHS = NO;
				CLANG_ANALYZER_NONNULL = YES;
				CLANG_ANALYZER_NUMBER_OBJECT_CONVERSION = YES_AGGRESSIVE;
				CLANG_CXX_LANGUAGE_STANDARD = "gnu++14";
				CLANG_CXX_LIBRARY = "libc++";
				CLANG_ENABLE_MODULES = YES;
				CLANG_ENABLE_OBJC_ARC = YES;
				CLANG_ENABLE_OBJC_WEAK = YES;
				CLANG_WARN_BLOCK_CAPTURE_AUTORELEASING = YES;
				CLANG_WARN_BOOL_CONVERSION = YES;
				CLANG_WARN_COMMA = YES;
				CLANG_WARN_CONSTANT_CONVERSION = YES;
				CLANG_WARN_DEPRECATED_OBJC_IMPLEMENTATIONS = YES;
				CLANG_WARN_DIRECT_OBJC_ISA_USAGE = YES_ERROR;
				CLANG_WARN_DOCUMENTATION_COMMENTS = YES;
				CLANG_WARN_EMPTY_BODY = YES;
				CLANG_WARN_ENUM_CONVERSION = YES;
				CLANG_WARN_INFINITE_RECURSION = YES;
				CLANG_WARN_INT_CONVERSION = YES;
				CLANG_WARN_NON_LITERAL_NULL_CONVERSION = YES;
				CLANG_WARN_OBJC_IMPLICIT_RETAIN_SELF = YES;
				CLANG_WARN_OBJC_LITERAL_CONVERSION = YES;
				CLANG_WARN_OBJC_ROOT_CLASS = YES_ERROR;
				CLANG_WARN_RANGE_LOOP_ANALYSIS = YES;
				CLANG_WARN_STRICT_PROTOTYPES = YES;
				CLANG_WARN_SUSPICIOUS_MOVE = YES;
				CLANG_WARN_UNGUARDED_AVAILABILITY = YES_AGGRESSIVE;
				CLANG_WARN_UNREACHABLE_CODE = YES;
				CLANG_WARN__DUPLICATE_METHOD_MATCH = YES;
				COPY_PHASE_STRIP = NO;
				DEBUG_INFORMATION_FORMAT = dwarf;
				ENABLE_STRICT_OBJC_MSGSEND = YES;
				ENABLE_TESTABILITY = YES;
				GCC_C_LANGUAGE_STANDARD = gnu11;
				GCC_DYNAMIC_NO_PIC = NO;
				GCC_NO_COMMON_BLOCKS = YES;
				GCC_OPTIMIZATION_LEVEL = 0;
				GCC_PREPROCESSOR_DEFINITIONS = (
					"DEBUG=1",
					"$(inherited)",
				);
				GCC_WARN_64_TO_32_BIT_CONVERSION = YES;
				GCC_WARN_ABOUT_RETURN_TYPE = YES_ERROR;
				GCC_WARN_UNDECLARED_SELECTOR = YES;
				GCC_WARN_UNINITIALIZED_AUTOS = YES_AGGRESSIVE;
				GCC_WARN_UNUSED_FUNCTION = YES;
				GCC_WARN_UNUSED_VARIABLE = YES;
				IPHONEOS_DEPLOYMENT_TARGET = 13.2;
				MTL_ENABLE_DEBUG_INFO = INCLUDE_SOURCE;
				MTL_FAST_MATH = YES;
				ONLY_ACTIVE_ARCH = YES;
				SDKROOT = iphoneos;
				SWIFT_ACTIVE_COMPILATION_CONDITIONS = DEBUG;
				SWIFT_OPTIMIZATION_LEVEL = "-Onone";
			};
			name = Debug;
		};
		16B319CB23BE8A7300641D5D /* Release */ = {
			isa = XCBuildConfiguration;
			buildSettings = {
				ALWAYS_SEARCH_USER_PATHS = NO;
				CLANG_ANALYZER_NONNULL = YES;
				CLANG_ANALYZER_NUMBER_OBJECT_CONVERSION = YES_AGGRESSIVE;
				CLANG_CXX_LANGUAGE_STANDARD = "gnu++14";
				CLANG_CXX_LIBRARY = "libc++";
				CLANG_ENABLE_MODULES = YES;
				CLANG_ENABLE_OBJC_ARC = YES;
				CLANG_ENABLE_OBJC_WEAK = YES;
				CLANG_WARN_BLOCK_CAPTURE_AUTORELEASING = YES;
				CLANG_WARN_BOOL_CONVERSION = YES;
				CLANG_WARN_COMMA = YES;
				CLANG_WARN_CONSTANT_CONVERSION = YES;
				CLANG_WARN_DEPRECATED_OBJC_IMPLEMENTATIONS = YES;
				CLANG_WARN_DIRECT_OBJC_ISA_USAGE = YES_ERROR;
				CLANG_WARN_DOCUMENTATION_COMMENTS = YES;
				CLANG_WARN_EMPTY_BODY = YES;
				CLANG_WARN_ENUM_CONVERSION = YES;
				CLANG_WARN_INFINITE_RECURSION = YES;
				CLANG_WARN_INT_CONVERSION = YES;
				CLANG_WARN_NON_LITERAL_NULL_CONVERSION = YES;
				CLANG_WARN_OBJC_IMPLICIT_RETAIN_SELF = YES;
				CLANG_WARN_OBJC_LITERAL_CONVERSION = YES;
				CLANG_WARN_OBJC_ROOT_CLASS = YES_ERROR;
				CLANG_WARN_RANGE_LOOP_ANALYSIS = YES;
				CLANG_WARN_STRICT_PROTOTYPES = YES;
				CLANG_WARN_SUSPICIOUS_MOVE = YES;
				CLANG_WARN_UNGUARDED_AVAILABILITY = YES_AGGRESSIVE;
				CLANG_WARN_UNREACHABLE_CODE = YES;
				CLANG_WARN__DUPLICATE_METHOD_MATCH = YES;
				COPY_PHASE_STRIP = NO;
				DEBUG_INFORMATION_FORMAT = "dwarf-with-dsym";
				ENABLE_NS_ASSERTIONS = NO;
				ENABLE_STRICT_OBJC_MSGSEND = YES;
				GCC_C_LANGUAGE_STANDARD = gnu11;
				GCC_NO_COMMON_BLOCKS = YES;
				GCC_WARN_64_TO_32_BIT_CONVERSION = YES;
				GCC_WARN_ABOUT_RETURN_TYPE = YES_ERROR;
				GCC_WARN_UNDECLARED_SELECTOR = YES;
				GCC_WARN_UNINITIALIZED_AUTOS = YES_AGGRESSIVE;
				GCC_WARN_UNUSED_FUNCTION = YES;
				GCC_WARN_UNUSED_VARIABLE = YES;
				IPHONEOS_DEPLOYMENT_TARGET = 13.2;
				MTL_ENABLE_DEBUG_INFO = NO;
				MTL_FAST_MATH = YES;
				SDKROOT = iphoneos;
				SWIFT_COMPILATION_MODE = wholemodule;
				SWIFT_OPTIMIZATION_LEVEL = "-O";
				VALIDATE_PRODUCT = YES;
			};
			name = Release;
		};
		16B319CD23BE8A7300641D5D /* Debug */ = {
			isa = XCBuildConfiguration;
			buildSettings = {
				ASSETCATALOG_COMPILER_APPICON_NAME = AppIcon;
				CODE_SIGN_STYLE = Automatic;
				DEVELOPMENT_TEAM = K9M6T6752A;
				INFOPLIST_FILE = countriesApp/Info.plist;
				LD_RUNPATH_SEARCH_PATHS = (
					"$(inherited)",
					"@executable_path/Frameworks",
				);
				PRODUCT_BUNDLE_IDENTIFIER = com.strife.projects.countriesApp;
				PRODUCT_NAME = "$(TARGET_NAME)";
				SWIFT_VERSION = 5.0;
				TARGETED_DEVICE_FAMILY = "1,2";
			};
			name = Debug;
		};
		16B319CE23BE8A7300641D5D /* Release */ = {
			isa = XCBuildConfiguration;
			buildSettings = {
				ASSETCATALOG_COMPILER_APPICON_NAME = AppIcon;
				CODE_SIGN_STYLE = Automatic;
				DEVELOPMENT_TEAM = K9M6T6752A;
				INFOPLIST_FILE = countriesApp/Info.plist;
				LD_RUNPATH_SEARCH_PATHS = (
					"$(inherited)",
					"@executable_path/Frameworks",
				);
				PRODUCT_BUNDLE_IDENTIFIER = com.strife.projects.countriesApp;
				PRODUCT_NAME = "$(TARGET_NAME)";
				SWIFT_VERSION = 5.0;
				TARGETED_DEVICE_FAMILY = "1,2";
			};
			name = Release;
		};
/* End XCBuildConfiguration section */

/* Begin XCConfigurationList section */
		16B319B123BE8A7200641D5D /* Build configuration list for PBXProject "countriesApp" */ = {
			isa = XCConfigurationList;
			buildConfigurations = (
				16B319CA23BE8A7300641D5D /* Debug */,
				16B319CB23BE8A7300641D5D /* Release */,
			);
			defaultConfigurationIsVisible = 0;
			defaultConfigurationName = Release;
		};
		16B319CC23BE8A7300641D5D /* Build configuration list for PBXNativeTarget "countriesApp" */ = {
			isa = XCConfigurationList;
			buildConfigurations = (
				16B319CD23BE8A7300641D5D /* Debug */,
				16B319CE23BE8A7300641D5D /* Release */,
			);
			defaultConfigurationIsVisible = 0;
			defaultConfigurationName = Release;
		};
/* End XCConfigurationList section */
	};
	rootObject = 16B319AE23BE8A7200641D5D /* Project object */;
}
